
Microsoft Visual Studio Solution File, Format Version 12.00
# Visual Studio Version 17
VisualStudioVersion = 17.3.32811.315
MinimumVisualStudioVersion = 10.0.40219.1
Project("{FAE04EC0-301F-11D3-BF4B-00C04F79EFBC}") = "Branches", "Branches.csproj", "{FEC3C298-9F9A-41B7-A1E9-1F90AD58F72A}"
EndProject
Global
	GlobalSection(SolutionConfigurationPlatforms) = preSolution
		Debug|Any CPU = Debug|Any CPU
		Release|Any CPU = Release|Any CPU
	EndGlobalSection
	GlobalSection(ProjectConfigurationPlatforms) = postSolution
		{FEC3C298-9F9A-41B7-A1E9-1F90AD58F72A}.Debug|Any CPU.ActiveCfg = Debug|Any CPU
		{FEC3C298-9F9A-41B7-A1E9-1F90AD58F72A}.Debug|Any CPU.Build.0 = Debug|Any CPU
		{FEC3C298-9F9A-41B7-A1E9-1F90AD58F72A}.Release|Any CPU.ActiveCfg = Release|Any CPU
		{FEC3C298-9F9A-41B7-A1E9-1F90AD58F72A}.Release|Any CPU.Build.0 = Release|Any CPU
	EndGlobalSection
	GlobalSection(SolutionProperties) = preSolution
		HideSolutionNode = FALSE
	EndGlobalSection
	GlobalSection(ExtensibilityGlobals) = postSolution
		SolutionGuid = {41A57A2B-CC53-453D-B22D-595C635F9AD6}
	EndGlobalSection
EndGlobal
